
Microsoft Visual Studio Solution File, Format Version 12.00
# Visual Studio Version 17
VisualStudioVersion = 17.4.33205.214
MinimumVisualStudioVersion = 10.0.40219.1
Project("{9A19103F-16F7-4668-BE54-9A1E7A4F7556}") = "BlazorApp1.Server", "BlazorApp1\Server\BlazorApp1.Server.csproj", "{ECE9E5F0-ABF1-4F1E-9A52-6F8C4C5D20E1}"
EndProject
Project("{9A19103F-16F7-4668-BE54-9A1E7A4F7556}") = "BlazorApp1.Client", "BlazorApp1\Client\BlazorApp1.Client.csproj", "{A6A71617-12BC-4214-ADF0-C2BE61DAB1E5}"
EndProject
Project("{9A19103F-16F7-4668-BE54-9A1E7A4F7556}") = "BlazorApp1.Shared", "BlazorApp1\Shared\BlazorApp1.Shared.csproj", "{055EDD63-0074-4305-A198-69D862069DB5}"
EndProject
Global
	GlobalSection(SolutionConfigurationPlatforms) = preSolution
		Debug|Any CPU = Debug|Any CPU
		Release|Any CPU = Release|Any CPU
	EndGlobalSection
	GlobalSection(ProjectConfigurationPlatforms) = postSolution
		{ECE9E5F0-ABF1-4F1E-9A52-6F8C4C5D20E1}.Debug|Any CPU.ActiveCfg = Debug|Any CPU
		{ECE9E5F0-ABF1-4F1E-9A52-6F8C4C5D20E1}.Debug|Any CPU.Build.0 = Debug|Any CPU
		{ECE9E5F0-ABF1-4F1E-9A52-6F8C4C5D20E1}.Release|Any CPU.ActiveCfg = Release|Any CPU
		{ECE9E5F0-ABF1-4F1E-9A52-6F8C4C5D20E1}.Release|Any CPU.Build.0 = Release|Any CPU
		{A6A71617-12BC-4214-ADF0-C2BE61DAB1E5}.Debug|Any CPU.ActiveCfg = Debug|Any CPU
		{A6A71617-12BC-4214-ADF0-C2BE61DAB1E5}.Debug|Any CPU.Build.0 = Debug|Any CPU
		{A6A71617-12BC-4214-ADF0-C2BE61DAB1E5}.Release|Any CPU.ActiveCfg = Release|Any CPU
		{A6A71617-12BC-4214-ADF0-C2BE61DAB1E5}.Release|Any CPU.Build.0 = Release|Any CPU
		{055EDD63-0074-4305-A198-69D862069DB5}.Debug|Any CPU.ActiveCfg = Debug|Any CPU
		{055EDD63-0074-4305-A198-69D862069DB5}.Debug|Any CPU.Build.0 = Debug|Any CPU
		{055EDD63-0074-4305-A198-69D862069DB5}.Release|Any CPU.ActiveCfg = Release|Any CPU
		{055EDD63-0074-4305-A198-69D862069DB5}.Release|Any CPU.Build.0 = Release|Any CPU
	EndGlobalSection
	GlobalSection(SolutionProperties) = preSolution
		HideSolutionNode = FALSE
	EndGlobalSection
	GlobalSection(ExtensibilityGlobals) = postSolution
		SolutionGuid = {DA9E2EBD-94C7-4004-8F71-F20A82C9C4A5}
	EndGlobalSection
EndGlobal
